
Microsoft Visual Studio Solution File, Format Version 12.00
Project("{FAE04EC0-301F-11D3-BF4B-00C04F79EFBC}") = "ExpressionParser", "ExpressionParser\ExpressionParser.csproj", "{C41D11DA-617E-4501-9059-D201E4928F00}"
EndProject
Project("{FAE04EC0-301F-11D3-BF4B-00C04F79EFBC}") = "ExpressionParser.Tests", "ExpressionParser.Tests\ExpressionParser.Tests.csproj", "{8DA19EA3-ACDC-413F-887B-2150CF4FB75B}"
EndProject
Global
	GlobalSection(SolutionConfigurationPlatforms) = preSolution
		Debug|Any CPU = Debug|Any CPU
		Release|Any CPU = Release|Any CPU
	EndGlobalSection
	GlobalSection(ProjectConfigurationPlatforms) = postSolution
		{C41D11DA-617E-4501-9059-D201E4928F00}.Debug|Any CPU.ActiveCfg = Debug|Any CPU
		{C41D11DA-617E-4501-9059-D201E4928F00}.Debug|Any CPU.Build.0 = Debug|Any CPU
		{C41D11DA-617E-4501-9059-D201E4928F00}.Release|Any CPU.ActiveCfg = Release|Any CPU
		{C41D11DA-617E-4501-9059-D201E4928F00}.Release|Any CPU.Build.0 = Release|Any CPU
		{8DA19EA3-ACDC-413F-887B-2150CF4FB75B}.Debug|Any CPU.ActiveCfg = Debug|Any CPU
		{8DA19EA3-ACDC-413F-887B-2150CF4FB75B}.Debug|Any CPU.Build.0 = Debug|Any CPU
		{8DA19EA3-ACDC-413F-887B-2150CF4FB75B}.Release|Any CPU.ActiveCfg = Release|Any CPU
		{8DA19EA3-ACDC-413F-887B-2150CF4FB75B}.Release|Any CPU.Build.0 = Release|Any CPU
	EndGlobalSection
EndGlobal
